// !$*UTF8*$!
{
	archiveVersion = 1;
	classes = {
	};
	objectVersion = 46;
	objects = {

/* Begin PBXBuildFile section */
		852C408C1E5861FB00F9E11D /* AppDelegate.swift in Sources */ = {isa = PBXBuildFile; fileRef = 852C408B1E5861FB00F9E11D /* AppDelegate.swift */; };
		852C408E1E5861FB00F9E11D /* CalculatorViewController.swift in Sources */ = {isa = PBXBuildFile; fileRef = 852C408D1E5861FB00F9E11D /* CalculatorViewController.swift */; };
		852C40911E5861FB00F9E11D /* Main.storyboard in Resources */ = {isa = PBXBuildFile; fileRef = 852C408F1E5861FB00F9E11D /* Main.storyboard */; };
		852C40931E5861FB00F9E11D /* Assets.xcassets in Resources */ = {isa = PBXBuildFile; fileRef = 852C40921E5861FB00F9E11D /* Assets.xcassets */; };
		852C40961E5861FB00F9E11D /* LaunchScreen.storyboard in Resources */ = {isa = PBXBuildFile; fileRef = 852C40941E5861FB00F9E11D /* LaunchScreen.storyboard */; };
		852C40A11E5861FB00F9E11D /* CalculatorTests.swift in Sources */ = {isa = PBXBuildFile; fileRef = 852C40A01E5861FB00F9E11D /* CalculatorTests.swift */; };
		852C40AC1E58625400F9E11D /* CalculatorModel.swift in Sources */ = {isa = PBXBuildFile; fileRef = 852C40AB1E58625400F9E11D /* CalculatorModel.swift */; };
		E4172B551F5F7AEC002B03B2 /* Copyable.swift in Sources */ = {isa = PBXBuildFile; fileRef = E4172B541F5F7AEC002B03B2 /* Copyable.swift */; };
		E4172B571F5FAE8B002B03B2 /* CoordinatesSet.swift in Sources */ = {isa = PBXBuildFile; fileRef = E4172B561F5FAE8B002B03B2 /* CoordinatesSet.swift */; };
		E4172B591F5FAEEB002B03B2 /* CoordinatesSetTests.swift in Sources */ = {isa = PBXBuildFile; fileRef = E4172B581F5FAEEB002B03B2 /* CoordinatesSetTests.swift */; };
		E42647D01F57AF1C00E06D09 /* CalculatorModelTests.swift in Sources */ = {isa = PBXBuildFile; fileRef = E42647CF1F57AF1C00E06D09 /* CalculatorModelTests.swift */; };
		E4B8710D1F5E2C8800B6F9A8 /* AxesDrawer.swift in Sources */ = {isa = PBXBuildFile; fileRef = E4B8710C1F5E2C8800B6F9A8 /* AxesDrawer.swift */; };
		E4B8710F1F5E30FB00B6F9A8 /* GraphicView.swift in Sources */ = {isa = PBXBuildFile; fileRef = E4B8710E1F5E30FB00B6F9A8 /* GraphicView.swift */; };
		E4B871111F5E370F00B6F9A8 /* GraphicViewController.swift in Sources */ = {isa = PBXBuildFile; fileRef = E4B871101F5E370F00B6F9A8 /* GraphicViewController.swift */; };
		E4B871151F5E9E9900B6F9A8 /* GraphDataSource.swift in Sources */ = {isa = PBXBuildFile; fileRef = E4B871141F5E9E9900B6F9A8 /* GraphDataSource.swift */; };
		E4B871171F5E9FF500B6F9A8 /* GraphDataSourceImplementation.swift in Sources */ = {isa = PBXBuildFile; fileRef = E4B871161F5E9FF500B6F9A8 /* GraphDataSourceImplementation.swift */; };
/* End PBXBuildFile section */

/* Begin PBXContainerItemProxy section */
		852C409D1E5861FB00F9E11D /* PBXContainerItemProxy */ = {
			isa = PBXContainerItemProxy;
			containerPortal = 852C40801E5861FB00F9E11D /* Project object */;
			proxyType = 1;
			remoteGlobalIDString = 852C40871E5861FB00F9E11D;
			remoteInfo = Calculator;
		};
/* End PBXContainerItemProxy section */

/* Begin PBXFileReference section */
		852C40881E5861FB00F9E11D /* Calculator.app */ = {isa = PBXFileReference; explicitFileType = wrapper.application; includeInIndex = 0; path = Calculator.app; sourceTree = BUILT_PRODUCTS_DIR; };
		852C408B1E5861FB00F9E11D /* AppDelegate.swift */ = {isa = PBXFileReference; lastKnownFileType = sourcecode.swift; path = AppDelegate.swift; sourceTree = "<group>"; };
		852C408D1E5861FB00F9E11D /* CalculatorViewController.swift */ = {isa = PBXFileReference; lastKnownFileType = sourcecode.swift; path = CalculatorViewController.swift; sourceTree = "<group>"; };
		852C40901E5861FB00F9E11D /* Base */ = {isa = PBXFileReference; lastKnownFileType = file.storyboard; name = Base; path = Base.lproj/Main.storyboard; sourceTree = "<group>"; };
		852C40921E5861FB00F9E11D /* Assets.xcassets */ = {isa = PBXFileReference; lastKnownFileType = folder.assetcatalog; path = Assets.xcassets; sourceTree = "<group>"; };
		852C40951E5861FB00F9E11D /* Base */ = {isa = PBXFileReference; lastKnownFileType = file.storyboard; name = Base; path = Base.lproj/LaunchScreen.storyboard; sourceTree = "<group>"; };
		852C40971E5861FB00F9E11D /* Info.plist */ = {isa = PBXFileReference; lastKnownFileType = text.plist.xml; path = Info.plist; sourceTree = "<group>"; };
		852C409C1E5861FB00F9E11D /* CalculatorTests.xctest */ = {isa = PBXFileReference; explicitFileType = wrapper.cfbundle; includeInIndex = 0; path = CalculatorTests.xctest; sourceTree = BUILT_PRODUCTS_DIR; };
		852C40A01E5861FB00F9E11D /* CalculatorTests.swift */ = {isa = PBXFileReference; lastKnownFileType = sourcecode.swift; path = CalculatorTests.swift; sourceTree = "<group>"; };
		852C40A21E5861FB00F9E11D /* Info.plist */ = {isa = PBXFileReference; lastKnownFileType = text.plist.xml; path = Info.plist; sourceTree = "<group>"; };
		852C40AB1E58625400F9E11D /* CalculatorModel.swift */ = {isa = PBXFileReference; fileEncoding = 4; lastKnownFileType = sourcecode.swift; lineEnding = 0; path = CalculatorModel.swift; sourceTree = "<group>"; xcLanguageSpecificationIdentifier = xcode.lang.swift; };
		E4172B541F5F7AEC002B03B2 /* Copyable.swift */ = {isa = PBXFileReference; fileEncoding = 4; lastKnownFileType = sourcecode.swift; path = Copyable.swift; sourceTree = "<group>"; };
		E4172B561F5FAE8B002B03B2 /* CoordinatesSet.swift */ = {isa = PBXFileReference; fileEncoding = 4; lastKnownFileType = sourcecode.swift; path = CoordinatesSet.swift; sourceTree = "<group>"; };
		E4172B581F5FAEEB002B03B2 /* CoordinatesSetTests.swift */ = {isa = PBXFileReference; fileEncoding = 4; lastKnownFileType = sourcecode.swift; path = CoordinatesSetTests.swift; sourceTree = "<group>"; };
		E42647CF1F57AF1C00E06D09 /* CalculatorModelTests.swift */ = {isa = PBXFileReference; fileEncoding = 4; lastKnownFileType = sourcecode.swift; path = CalculatorModelTests.swift; sourceTree = "<group>"; };
		E4B8710C1F5E2C8800B6F9A8 /* AxesDrawer.swift */ = {isa = PBXFileReference; fileEncoding = 4; lastKnownFileType = sourcecode.swift; path = AxesDrawer.swift; sourceTree = "<group>"; };
		E4B8710E1F5E30FB00B6F9A8 /* GraphicView.swift */ = {isa = PBXFileReference; fileEncoding = 4; lastKnownFileType = sourcecode.swift; path = GraphicView.swift; sourceTree = "<group>"; };
		E4B871101F5E370F00B6F9A8 /* GraphicViewController.swift */ = {isa = PBXFileReference; fileEncoding = 4; lastKnownFileType = sourcecode.swift; path = GraphicViewController.swift; sourceTree = "<group>"; };
		E4B871141F5E9E9900B6F9A8 /* GraphDataSource.swift */ = {isa = PBXFileReference; fileEncoding = 4; lastKnownFileType = sourcecode.swift; path = GraphDataSource.swift; sourceTree = "<group>"; };
		E4B871161F5E9FF500B6F9A8 /* GraphDataSourceImplementation.swift */ = {isa = PBXFileReference; fileEncoding = 4; lastKnownFileType = sourcecode.swift; path = GraphDataSourceImplementation.swift; sourceTree = "<group>"; };
/* End PBXFileReference section */

/* Begin PBXFrameworksBuildPhase section */
		852C40851E5861FB00F9E11D /* Frameworks */ = {
			isa = PBXFrameworksBuildPhase;
			buildActionMask = 2147483647;
			files = (
			);
			runOnlyForDeploymentPostprocessing = 0;
		};
		852C40991E5861FB00F9E11D /* Frameworks */ = {
			isa = PBXFrameworksBuildPhase;
			buildActionMask = 2147483647;
			files = (
			);
			runOnlyForDeploymentPostprocessing = 0;
		};
/* End PBXFrameworksBuildPhase section */

/* Begin PBXGroup section */
		852C407F1E5861FB00F9E11D = {
			isa = PBXGroup;
			children = (
				852C408A1E5861FB00F9E11D /* Calculator */,
				852C409F1E5861FB00F9E11D /* CalculatorTests */,
				852C40891E5861FB00F9E11D /* Products */,
			);
			sourceTree = "<group>";
		};
		852C40891E5861FB00F9E11D /* Products */ = {
			isa = PBXGroup;
			children = (
				852C40881E5861FB00F9E11D /* Calculator.app */,
				852C409C1E5861FB00F9E11D /* CalculatorTests.xctest */,
			);
			name = Products;
			sourceTree = "<group>";
		};
		852C408A1E5861FB00F9E11D /* Calculator */ = {
			isa = PBXGroup;
			children = (
				E4172B5C1F5FB58E002B03B2 /* BusinessLogicLayer */,
				E4172B5B1F5FB567002B03B2 /* UI */,
				E4172B5A1F5FB54C002B03B2 /* CoreLayer */,
				E4172B5D1F5FB5AE002B03B2 /* Supporting Files */,
			);
			path = Calculator;
			sourceTree = "<group>";
		};
		852C409F1E5861FB00F9E11D /* CalculatorTests */ = {
			isa = PBXGroup;
			children = (
				E4172B581F5FAEEB002B03B2 /* CoordinatesSetTests.swift */,
				852C40A01E5861FB00F9E11D /* CalculatorTests.swift */,
				E42647CF1F57AF1C00E06D09 /* CalculatorModelTests.swift */,
				852C40A21E5861FB00F9E11D /* Info.plist */,
			);
			path = CalculatorTests;
			sourceTree = "<group>";
		};
		E4172B5A1F5FB54C002B03B2 /* CoreLayer */ = {
			isa = PBXGroup;
			children = (
				E4B871141F5E9E9900B6F9A8 /* GraphDataSource.swift */,
				E4B871161F5E9FF500B6F9A8 /* GraphDataSourceImplementation.swift */,
				E4172B541F5F7AEC002B03B2 /* Copyable.swift */,
				E4172B561F5FAE8B002B03B2 /* CoordinatesSet.swift */,
			);
			name = CoreLayer;
			sourceTree = "<group>";
		};
		E4172B5B1F5FB567002B03B2 /* UI */ = {
			isa = PBXGroup;
			children = (
				E4B871101F5E370F00B6F9A8 /* GraphicViewController.swift */,
				E4B8710E1F5E30FB00B6F9A8 /* GraphicView.swift */,
				E4B8710C1F5E2C8800B6F9A8 /* AxesDrawer.swift */,
				852C408D1E5861FB00F9E11D /* CalculatorViewController.swift */,
				852C408F1E5861FB00F9E11D /* Main.storyboard */,
				852C40941E5861FB00F9E11D /* LaunchScreen.storyboard */,
			);
			name = UI;
			sourceTree = "<group>";
		};
		E4172B5C1F5FB58E002B03B2 /* BusinessLogicLayer */ = {
			isa = PBXGroup;
			children = (
				852C40AB1E58625400F9E11D /* CalculatorModel.swift */,
			);
			name = BusinessLogicLayer;
			sourceTree = "<group>";
		};
		E4172B5D1F5FB5AE002B03B2 /* Supporting Files */ = {
			isa = PBXGroup;
			children = (
				852C408B1E5861FB00F9E11D /* AppDelegate.swift */,
				852C40921E5861FB00F9E11D /* Assets.xcassets */,
				852C40971E5861FB00F9E11D /* Info.plist */,
			);
			name = "Supporting Files";
			sourceTree = "<group>";
		};
/* End PBXGroup section */

/* Begin PBXNativeTarget section */
		852C40871E5861FB00F9E11D /* Calculator */ = {
			isa = PBXNativeTarget;
			buildConfigurationList = 852C40A51E5861FB00F9E11D /* Build configuration list for PBXNativeTarget "Calculator" */;
			buildPhases = (
				852C40841E5861FB00F9E11D /* Sources */,
				852C40851E5861FB00F9E11D /* Frameworks */,
				852C40861E5861FB00F9E11D /* Resources */,
			);
			buildRules = (
			);
			dependencies = (
			);
			name = Calculator;
			productName = Calculator;
			productReference = 852C40881E5861FB00F9E11D /* Calculator.app */;
			productType = "com.apple.product-type.application";
		};
		852C409B1E5861FB00F9E11D /* CalculatorTests */ = {
			isa = PBXNativeTarget;
			buildConfigurationList = 852C40A81E5861FB00F9E11D /* Build configuration list for PBXNativeTarget "CalculatorTests" */;
			buildPhases = (
				852C40981E5861FB00F9E11D /* Sources */,
				852C40991E5861FB00F9E11D /* Frameworks */,
				852C409A1E5861FB00F9E11D /* Resources */,
			);
			buildRules = (
			);
			dependencies = (
				852C409E1E5861FB00F9E11D /* PBXTargetDependency */,
			);
			name = CalculatorTests;
			productName = CalculatorTests;
			productReference = 852C409C1E5861FB00F9E11D /* CalculatorTests.xctest */;
			productType = "com.apple.product-type.bundle.unit-test";
		};
/* End PBXNativeTarget section */

/* Begin PBXProject section */
		852C40801E5861FB00F9E11D /* Project object */ = {
			isa = PBXProject;
			attributes = {
				LastSwiftUpdateCheck = 0820;
				LastUpgradeCheck = 0900;
				ORGANIZATIONNAME = "Sergey Kultenko";
				TargetAttributes = {
					852C40871E5861FB00F9E11D = {
						CreatedOnToolsVersion = 8.2.1;
						DevelopmentTeam = ECXQ8F5RNV;
						LastSwiftMigration = 0900;
						ProvisioningStyle = Automatic;
					};
					852C409B1E5861FB00F9E11D = {
						CreatedOnToolsVersion = 8.2.1;
						DevelopmentTeam = ECXQ8F5RNV;
						LastSwiftMigration = 0900;
						ProvisioningStyle = Automatic;
						TestTargetID = 852C40871E5861FB00F9E11D;
					};
				};
			};
			buildConfigurationList = 852C40831E5861FB00F9E11D /* Build configuration list for PBXProject "Calculator" */;
			compatibilityVersion = "Xcode 3.2";
			developmentRegion = English;
			hasScannedForEncodings = 0;
			knownRegions = (
				en,
				Base,
			);
			mainGroup = 852C407F1E5861FB00F9E11D;
			productRefGroup = 852C40891E5861FB00F9E11D /* Products */;
			projectDirPath = "";
			projectRoot = "";
			targets = (
				852C40871E5861FB00F9E11D /* Calculator */,
				852C409B1E5861FB00F9E11D /* CalculatorTests */,
			);
		};
/* End PBXProject section */

/* Begin PBXResourcesBuildPhase section */
		852C40861E5861FB00F9E11D /* Resources */ = {
			isa = PBXResourcesBuildPhase;
			buildActionMask = 2147483647;
			files = (
				852C40961E5861FB00F9E11D /* LaunchScreen.storyboard in Resources */,
				852C40931E5861FB00F9E11D /* Assets.xcassets in Resources */,
				852C40911E5861FB00F9E11D /* Main.storyboard in Resources */,
			);
			runOnlyForDeploymentPostprocessing = 0;
		};
		852C409A1E5861FB00F9E11D /* Resources */ = {
			isa = PBXResourcesBuildPhase;
			buildActionMask = 2147483647;
			files = (
			);
			runOnlyForDeploymentPostprocessing = 0;
		};
/* End PBXResourcesBuildPhase section */

/* Begin PBXSourcesBuildPhase section */
		852C40841E5861FB00F9E11D /* Sources */ = {
			isa = PBXSourcesBuildPhase;
			buildActionMask = 2147483647;
			files = (
				852C40AC1E58625400F9E11D /* CalculatorModel.swift in Sources */,
				E4B871111F5E370F00B6F9A8 /* GraphicViewController.swift in Sources */,
				E4B8710D1F5E2C8800B6F9A8 /* AxesDrawer.swift in Sources */,
				852C408E1E5861FB00F9E11D /* CalculatorViewController.swift in Sources */,
				E4B871151F5E9E9900B6F9A8 /* GraphDataSource.swift in Sources */,
				E4B8710F1F5E30FB00B6F9A8 /* GraphicView.swift in Sources */,
				852C408C1E5861FB00F9E11D /* AppDelegate.swift in Sources */,
				E4172B551F5F7AEC002B03B2 /* Copyable.swift in Sources */,
				E4B871171F5E9FF500B6F9A8 /* GraphDataSourceImplementation.swift in Sources */,
				E4172B571F5FAE8B002B03B2 /* CoordinatesSet.swift in Sources */,
			);
			runOnlyForDeploymentPostprocessing = 0;
		};
		852C40981E5861FB00F9E11D /* Sources */ = {
			isa = PBXSourcesBuildPhase;
			buildActionMask = 2147483647;
			files = (
				852C40A11E5861FB00F9E11D /* CalculatorTests.swift in Sources */,
				E4172B591F5FAEEB002B03B2 /* CoordinatesSetTests.swift in Sources */,
				E42647D01F57AF1C00E06D09 /* CalculatorModelTests.swift in Sources */,
			);
			runOnlyForDeploymentPostprocessing = 0;
		};
/* End PBXSourcesBuildPhase section */

/* Begin PBXTargetDependency section */
		852C409E1E5861FB00F9E11D /* PBXTargetDependency */ = {
			isa = PBXTargetDependency;
			target = 852C40871E5861FB00F9E11D /* Calculator */;
			targetProxy = 852C409D1E5861FB00F9E11D /* PBXContainerItemProxy */;
		};
/* End PBXTargetDependency section */

/* Begin PBXVariantGroup section */
		852C408F1E5861FB00F9E11D /* Main.storyboard */ = {
			isa = PBXVariantGroup;
			children = (
				852C40901E5861FB00F9E11D /* Base */,
			);
			name = Main.storyboard;
			sourceTree = "<group>";
		};
		852C40941E5861FB00F9E11D /* LaunchScreen.storyboard */ = {
			isa = PBXVariantGroup;
			children = (
				852C40951E5861FB00F9E11D /* Base */,
			);
			name = LaunchScreen.storyboard;
			sourceTree = "<group>";
		};
/* End PBXVariantGroup section */

/* Begin XCBuildConfiguration section */
		852C40A31E5861FB00F9E11D /* Debug */ = {
			isa = XCBuildConfiguration;
			buildSettings = {
				ALWAYS_SEARCH_USER_PATHS = NO;
				CLANG_ANALYZER_NONNULL = YES;
				CLANG_CXX_LANGUAGE_STANDARD = "gnu++0x";
				CLANG_CXX_LIBRARY = "libc++";
				CLANG_ENABLE_MODULES = YES;
				CLANG_ENABLE_OBJC_ARC = YES;
				CLANG_WARN_BLOCK_CAPTURE_AUTORELEASING = YES;
				CLANG_WARN_BOOL_CONVERSION = YES;
				CLANG_WARN_COMMA = YES;
				CLANG_WARN_CONSTANT_CONVERSION = YES;
				CLANG_WARN_DIRECT_OBJC_ISA_USAGE = YES_ERROR;
				CLANG_WARN_DOCUMENTATION_COMMENTS = YES;
				CLANG_WARN_EMPTY_BODY = YES;
				CLANG_WARN_ENUM_CONVERSION = YES;
				CLANG_WARN_INFINITE_RECURSION = YES;
				CLANG_WARN_INT_CONVERSION = YES;
				CLANG_WARN_NON_LITERAL_NULL_CONVERSION = YES;
				CLANG_WARN_OBJC_LITERAL_CONVERSION = YES;
				CLANG_WARN_OBJC_ROOT_CLASS = YES_ERROR;
				CLANG_WARN_RANGE_LOOP_ANALYSIS = YES;
				CLANG_WARN_STRICT_PROTOTYPES = YES;
				CLANG_WARN_SUSPICIOUS_MOVE = YES;
				CLANG_WARN_UNREACHABLE_CODE = YES;
				CLANG_WARN__DUPLICATE_METHOD_MATCH = YES;
				"CODE_SIGN_IDENTITY[sdk=iphoneos*]" = "iPhone Developer";
				COPY_PHASE_STRIP = NO;
				DEBUG_INFORMATION_FORMAT = dwarf;
				ENABLE_STRICT_OBJC_MSGSEND = YES;
				ENABLE_TESTABILITY = YES;
				GCC_C_LANGUAGE_STANDARD = gnu99;
				GCC_DYNAMIC_NO_PIC = NO;
				GCC_NO_COMMON_BLOCKS = YES;
				GCC_OPTIMIZATION_LEVEL = 0;
				GCC_PREPROCESSOR_DEFINITIONS = (
					"DEBUG=1",
					"$(inherited)",
				);
				GCC_WARN_64_TO_32_BIT_CONVERSION = YES;
				GCC_WARN_ABOUT_RETURN_TYPE = YES_ERROR;
				GCC_WARN_UNDECLARED_SELECTOR = YES;
				GCC_WARN_UNINITIALIZED_AUTOS = YES_AGGRESSIVE;
				GCC_WARN_UNUSED_FUNCTION = YES;
				GCC_WARN_UNUSED_VARIABLE = YES;
				IPHONEOS_DEPLOYMENT_TARGET = 10.2;
				MTL_ENABLE_DEBUG_INFO = YES;
				ONLY_ACTIVE_ARCH = YES;
				SDKROOT = iphoneos;
				SWIFT_ACTIVE_COMPILATION_CONDITIONS = DEBUG;
				SWIFT_OPTIMIZATION_LEVEL = "-Onone";
				SWIFT_SWIFT3_OBJC_INFERENCE = Default;
				SWIFT_VERSION = 4.0;
				TARGETED_DEVICE_FAMILY = "1,2";
			};
			name = Debug;
		};
		852C40A41E5861FB00F9E11D /* Release */ = {
			isa = XCBuildConfiguration;
			buildSettings = {
				ALWAYS_SEARCH_USER_PATHS = NO;
				CLANG_ANALYZER_NONNULL = YES;
				CLANG_CXX_LANGUAGE_STANDARD = "gnu++0x";
				CLANG_CXX_LIBRARY = "libc++";
				CLANG_ENABLE_MODULES = YES;
				CLANG_ENABLE_OBJC_ARC = YES;
				CLANG_WARN_BLOCK_CAPTURE_AUTORELEASING = YES;
				CLANG_WARN_BOOL_CONVERSION = YES;
				CLANG_WARN_COMMA = YES;
				CLANG_WARN_CONSTANT_CONVERSION = YES;
				CLANG_WARN_DIRECT_OBJC_ISA_USAGE = YES_ERROR;
				CLANG_WARN_DOCUMENTATION_COMMENTS = YES;
				CLANG_WARN_EMPTY_BODY = YES;
				CLANG_WARN_ENUM_CONVERSION = YES;
				CLANG_WARN_INFINITE_RECURSION = YES;
				CLANG_WARN_INT_CONVERSION = YES;
				CLANG_WARN_NON_LITERAL_NULL_CONVERSION = YES;
				CLANG_WARN_OBJC_LITERAL_CONVERSION = YES;
				CLANG_WARN_OBJC_ROOT_CLASS = YES_ERROR;
				CLANG_WARN_RANGE_LOOP_ANALYSIS = YES;
				CLANG_WARN_STRICT_PROTOTYPES = YES;
				CLANG_WARN_SUSPICIOUS_MOVE = YES;
				CLANG_WARN_UNREACHABLE_CODE = YES;
				CLANG_WARN__DUPLICATE_METHOD_MATCH = YES;
				"CODE_SIGN_IDENTITY[sdk=iphoneos*]" = "iPhone Developer";
				COPY_PHASE_STRIP = NO;
				DEBUG_INFORMATION_FORMAT = "dwarf-with-dsym";
				ENABLE_NS_ASSERTIONS = NO;
				ENABLE_STRICT_OBJC_MSGSEND = YES;
				GCC_C_LANGUAGE_STANDARD = gnu99;
				GCC_NO_COMMON_BLOCKS = YES;
				GCC_WARN_64_TO_32_BIT_CONVERSION = YES;
				GCC_WARN_ABOUT_RETURN_TYPE = YES_ERROR;
				GCC_WARN_UNDECLARED_SELECTOR = YES;
				GCC_WARN_UNINITIALIZED_AUTOS = YES_AGGRESSIVE;
				GCC_WARN_UNUSED_FUNCTION = YES;
				GCC_WARN_UNUSED_VARIABLE = YES;
				IPHONEOS_DEPLOYMENT_TARGET = 10.2;
				MTL_ENABLE_DEBUG_INFO = NO;
				SDKROOT = iphoneos;
				SWIFT_OPTIMIZATION_LEVEL = "-Owholemodule";
				SWIFT_SWIFT3_OBJC_INFERENCE = Default;
				SWIFT_VERSION = 4.0;
				TARGETED_DEVICE_FAMILY = "1,2";
				VALIDATE_PRODUCT = YES;
			};
			name = Release;
		};
		852C40A61E5861FB00F9E11D /* Debug */ = {
			isa = XCBuildConfiguration;
			buildSettings = {
				ASSETCATALOG_COMPILER_APPICON_NAME = AppIcon;
				DEVELOPMENT_TEAM = ECXQ8F5RNV;
				INFOPLIST_FILE = Calculator/Info.plist;
				LD_RUNPATH_SEARCH_PATHS = "$(inherited) @executable_path/Frameworks";
				PRODUCT_BUNDLE_IDENTIFIER = com.Serj.Kultenko.Calculator;
				PRODUCT_NAME = "$(TARGET_NAME)";
				SWIFT_SWIFT3_OBJC_INFERENCE = Default;
				SWIFT_VERSION = 4.0;
			};
			name = Debug;
		};
		852C40A71E5861FB00F9E11D /* Release */ = {
			isa = XCBuildConfiguration;
			buildSettings = {
				ASSETCATALOG_COMPILER_APPICON_NAME = AppIcon;
				DEVELOPMENT_TEAM = ECXQ8F5RNV;
				INFOPLIST_FILE = Calculator/Info.plist;
				LD_RUNPATH_SEARCH_PATHS = "$(inherited) @executable_path/Frameworks";
				PRODUCT_BUNDLE_IDENTIFIER = com.Serj.Kultenko.Calculator;
				PRODUCT_NAME = "$(TARGET_NAME)";
				SWIFT_SWIFT3_OBJC_INFERENCE = Default;
				SWIFT_VERSION = 4.0;
			};
			name = Release;
		};
		852C40A91E5861FB00F9E11D /* Debug */ = {
			isa = XCBuildConfiguration;
			buildSettings = {
				ALWAYS_EMBED_SWIFT_STANDARD_LIBRARIES = YES;
				BUNDLE_LOADER = "$(TEST_HOST)";
				DEVELOPMENT_TEAM = ECXQ8F5RNV;
				INFOPLIST_FILE = CalculatorTests/Info.plist;
				LD_RUNPATH_SEARCH_PATHS = "$(inherited) @executable_path/Frameworks @loader_path/Frameworks";
				PRODUCT_BUNDLE_IDENTIFIER = com.Serj.Kultenko.CalculatorTests;
				PRODUCT_NAME = "$(TARGET_NAME)";
				SWIFT_SWIFT3_OBJC_INFERENCE = Default;
				SWIFT_VERSION = 4.0;
				TEST_HOST = "$(BUILT_PRODUCTS_DIR)/Calculator.app/Calculator";
			};
			name = Debug;
		};
		852C40AA1E5861FB00F9E11D /* Release */ = {
			isa = XCBuildConfiguration;
			buildSettings = {
				ALWAYS_EMBED_SWIFT_STANDARD_LIBRARIES = YES;
				BUNDLE_LOADER = "$(TEST_HOST)";
				DEVELOPMENT_TEAM = ECXQ8F5RNV;
				INFOPLIST_FILE = CalculatorTests/Info.plist;
				LD_RUNPATH_SEARCH_PATHS = "$(inherited) @executable_path/Frameworks @loader_path/Frameworks";
				PRODUCT_BUNDLE_IDENTIFIER = com.Serj.Kultenko.CalculatorTests;
				PRODUCT_NAME = "$(TARGET_NAME)";
				SWIFT_SWIFT3_OBJC_INFERENCE = Default;
				SWIFT_VERSION = 4.0;
				TEST_HOST = "$(BUILT_PRODUCTS_DIR)/Calculator.app/Calculator";
			};
			name = Release;
		};
/* End XCBuildConfiguration section */

/* Begin XCConfigurationList section */
		852C40831E5861FB00F9E11D /* Build configuration list for PBXProject "Calculator" */ = {
			isa = XCConfigurationList;
			buildConfigurations = (
				852C40A31E5861FB00F9E11D /* Debug */,
				852C40A41E5861FB00F9E11D /* Release */,
			);
			defaultConfigurationIsVisible = 0;
			defaultConfigurationName = Release;
		};
		852C40A51E5861FB00F9E11D /* Build configuration list for PBXNativeTarget "Calculator" */ = {
			isa = XCConfigurationList;
			buildConfigurations = (
				852C40A61E5861FB00F9E11D /* Debug */,
				852C40A71E5861FB00F9E11D /* Release */,
			);
			defaultConfigurationIsVisible = 0;
			defaultConfigurationName = Release;
		};
		852C40A81E5861FB00F9E11D /* Build configuration list for PBXNativeTarget "CalculatorTests" */ = {
			isa = XCConfigurationList;
			buildConfigurations = (
				852C40A91E5861FB00F9E11D /* Debug */,
				852C40AA1E5861FB00F9E11D /* Release */,
			);
			defaultConfigurationIsVisible = 0;
			defaultConfigurationName = Release;
		};
/* End XCConfigurationList section */
	};
	rootObject = 852C40801E5861FB00F9E11D /* Project object */;
}
